
Microsoft Visual Studio Solution File, Format Version 12.00
# Visual Studio Version 17
VisualStudioVersion = 17.8.34330.188
MinimumVisualStudioVersion = 10.0.40219.1
Project("{FAE04EC0-301F-11D3-BF4B-00C04F79EFBC}") = "Day15", "Day15.csproj", "{98BA7DC3-2129-4DD1-992E-CFB3735FFFA4}"
EndProject
Global
	GlobalSection(SolutionConfigurationPlatforms) = preSolution
		Debug|Any CPU = Debug|Any CPU
		Release|Any CPU = Release|Any CPU
	EndGlobalSection
	GlobalSection(ProjectConfigurationPlatforms) = postSolution
		{98BA7DC3-2129-4DD1-992E-CFB3735FFFA4}.Debug|Any CPU.ActiveCfg = Debug|Any CPU
		{98BA7DC3-2129-4DD1-992E-CFB3735FFFA4}.Debug|Any CPU.Build.0 = Debug|Any CPU
		{98BA7DC3-2129-4DD1-992E-CFB3735FFFA4}.Release|Any CPU.ActiveCfg = Release|Any CPU
		{98BA7DC3-2129-4DD1-992E-CFB3735FFFA4}.Release|Any CPU.Build.0 = Release|Any CPU
	EndGlobalSection
	GlobalSection(SolutionProperties) = preSolution
		HideSolutionNode = FALSE
	EndGlobalSection
	GlobalSection(ExtensibilityGlobals) = postSolution
		SolutionGuid = {A9BC940F-712B-4EC1-AEC6-8A4F35A148E4}
	EndGlobalSection
EndGlobal
